
Microsoft Visual Studio Solution File, Format Version 12.00
# Visual Studio Version 17
VisualStudioVersion = 17.7.34031.279
MinimumVisualStudioVersion = 10.0.40219.1
Project("{FAE04EC0-301F-11D3-BF4B-00C04F79EFBC}") = "NotePad_Tarasov", "NotePad_Tarasov\NotePad_Tarasov.csproj", "{2136C8FC-5130-4A59-88B0-8C413C587487}"
EndProject
Global
	GlobalSection(SolutionConfigurationPlatforms) = preSolution
		Debug|Any CPU = Debug|Any CPU
		Release|Any CPU = Release|Any CPU
	EndGlobalSection
	GlobalSection(ProjectConfigurationPlatforms) = postSolution
		{2136C8FC-5130-4A59-88B0-8C413C587487}.Debug|Any CPU.ActiveCfg = Debug|Any CPU
		{2136C8FC-5130-4A59-88B0-8C413C587487}.Debug|Any CPU.Build.0 = Debug|Any CPU
		{2136C8FC-5130-4A59-88B0-8C413C587487}.Release|Any CPU.ActiveCfg = Release|Any CPU
		{2136C8FC-5130-4A59-88B0-8C413C587487}.Release|Any CPU.Build.0 = Release|Any CPU
	EndGlobalSection
	GlobalSection(SolutionProperties) = preSolution
		HideSolutionNode = FALSE
	EndGlobalSection
	GlobalSection(ExtensibilityGlobals) = postSolution
		SolutionGuid = {C11CBC6B-4C98-4464-A326-9AC43EA0A1A1}
	EndGlobalSection
EndGlobal
